{
  "name": "pho",
  "version": "0.1.0",
  "dependencies": {
    "expect.js": {
      "version": "0.2.0",
      "from": "expect.js@",
      "resolved": "https://registry.npmjs.org/expect.js/-/expect.js-0.2.0.tgz"
    },
    "underscore": {
      "version": "1.4.4",
      "from": "underscore@"
    },
    "mocha": {
      "version": "1.8.1",
      "from": "mocha@",
      "resolved": "https://registry.npmjs.org/mocha/-/mocha-1.8.1.tgz",
      "dependencies": {
        "commander": {
          "version": "0.6.1",
          "from": "commander@0.6.1",
          "resolved": "https://registry.npmjs.org/commander/-/commander-0.6.1.tgz"
        },
        "growl": {
          "version": "1.7.0",
          "from": "growl@1.7.x",
          "resolved": "https://registry.npmjs.org/growl/-/growl-1.7.0.tgz"
        },
        "jade": {
          "version": "0.26.3",
          "from": "jade@0.26.3",
          "resolved": "https://registry.npmjs.org/jade/-/jade-0.26.3.tgz",
          "dependencies": {
            "mkdirp": {
              "version": "0.3.0",
              "from": "mkdirp@0.3.0",
              "resolved": "https://registry.npmjs.org/mkdirp/-/mkdirp-0.3.0.tgz"
            }
          }
        },
        "diff": {
          "version": "1.0.2",
          "from": "diff@1.0.2",
          "resolved": "https://registry.npmjs.org/diff/-/diff-1.0.2.tgz"
        },
        "debug": {
          "version": "0.7.2",
          "from": "debug@*",
          "resolved": "https://registry.npmjs.org/debug/-/debug-0.7.2.tgz"
        },
        "mkdirp": {
          "version": "0.3.3",
          "from": "mkdirp@0.3.3",
          "resolved": "https://registry.npmjs.org/mkdirp/-/mkdirp-0.3.3.tgz"
        },
        "ms": {
          "version": "0.3.0",
          "from": "ms@0.3.0",
          "resolved": "https://registry.npmjs.org/ms/-/ms-0.3.0.tgz"
        }
      }
    }
  }
}
